
Microsoft Visual Studio Solution File, Format Version 12.00
# Visual Studio 15
Project("{FAE04EC0-301F-11D3-BF4B-00C04F79EFBC}") = "Assembly-CSharp", "Assembly-CSharp.csproj", "{18E6FFAE-4EA8-4CDE-305E-C22A450209A9}"
EndProject
Project("{FAE04EC0-301F-11D3-BF4B-00C04F79EFBC}") = "Assembly-CSharp-firstpass", "Assembly-CSharp-firstpass.csproj", "{5CAF5480-1ED0-7CBB-6C94-E711150721CC}"
EndProject
Project("{FAE04EC0-301F-11D3-BF4B-00C04F79EFBC}") = "Assembly-CSharp-Editor-firstpass", "Assembly-CSharp-Editor-firstpass.csproj", "{07829D37-B9A9-19FF-1CD1-8782AB2D9962}"
EndProject
Global
	GlobalSection(SolutionConfigurationPlatforms) = preSolution
		Debug|Any CPU = Debug|Any CPU
		Release|Any CPU = Release|Any CPU
	EndGlobalSection
	GlobalSection(ProjectConfigurationPlatforms) = postSolution
		{18E6FFAE-4EA8-4CDE-305E-C22A450209A9}.Debug|Any CPU.ActiveCfg = Debug|Any CPU
		{18E6FFAE-4EA8-4CDE-305E-C22A450209A9}.Debug|Any CPU.Build.0 = Debug|Any CPU
		{18E6FFAE-4EA8-4CDE-305E-C22A450209A9}.Release|Any CPU.ActiveCfg = Release|Any CPU
		{18E6FFAE-4EA8-4CDE-305E-C22A450209A9}.Release|Any CPU.Build.0 = Release|Any CPU
		{5CAF5480-1ED0-7CBB-6C94-E711150721CC}.Debug|Any CPU.ActiveCfg = Debug|Any CPU
		{5CAF5480-1ED0-7CBB-6C94-E711150721CC}.Debug|Any CPU.Build.0 = Debug|Any CPU
		{5CAF5480-1ED0-7CBB-6C94-E711150721CC}.Release|Any CPU.ActiveCfg = Release|Any CPU
		{5CAF5480-1ED0-7CBB-6C94-E711150721CC}.Release|Any CPU.Build.0 = Release|Any CPU
		{07829D37-B9A9-19FF-1CD1-8782AB2D9962}.Debug|Any CPU.ActiveCfg = Debug|Any CPU
		{07829D37-B9A9-19FF-1CD1-8782AB2D9962}.Debug|Any CPU.Build.0 = Debug|Any CPU
		{07829D37-B9A9-19FF-1CD1-8782AB2D9962}.Release|Any CPU.ActiveCfg = Release|Any CPU
		{07829D37-B9A9-19FF-1CD1-8782AB2D9962}.Release|Any CPU.Build.0 = Release|Any CPU
	EndGlobalSection
	GlobalSection(SolutionProperties) = preSolution
		HideSolutionNode = FALSE
	EndGlobalSection
EndGlobal
